
Microsoft Visual Studio Solution File, Format Version 12.00
# Visual Studio 15
VisualStudioVersion = 15.0.28010.2048
MinimumVisualStudioVersion = 10.0.40219.1
Project("{FAE04EC0-301F-11D3-BF4B-00C04F79EFBC}") = "DXGLTF", "DXGLTF\DXGLTF.csproj", "{02E2A552-10A8-43D5-B322-19BD668F065C}"
EndProject
Project("{FAE04EC0-301F-11D3-BF4B-00C04F79EFBC}") = "D3D11Panel", "D3DPanel\D3D11Panel.csproj", "{E24BC52F-580A-4245-BD00-821906B8E1DE}"
EndProject
Project("{FAE04EC0-301F-11D3-BF4B-00C04F79EFBC}") = "UniJSON", "UniJSON\UniJSON.csproj", "{BC5DE392-DC0F-49E9-81B2-04B1FAFC1B67}"
EndProject
Project("{FAE04EC0-301F-11D3-BF4B-00C04F79EFBC}") = "GltfScene", "GltfScene\GltfScene.csproj", "{9AFA370C-76D6-4DD0-9926-8039CB8B0366}"
EndProject
Project("{FAE04EC0-301F-11D3-BF4B-00C04F79EFBC}") = "GltfFormat", "GltfFormat\GltfFormat.csproj", "{E7B4846E-A89E-449E-9278-CD0E409CCDF7}"
EndProject
Global
	GlobalSection(SolutionConfigurationPlatforms) = preSolution
		Debug|Any CPU = Debug|Any CPU
		Release|Any CPU = Release|Any CPU
	EndGlobalSection
	GlobalSection(ProjectConfigurationPlatforms) = postSolution
		{02E2A552-10A8-43D5-B322-19BD668F065C}.Debug|Any CPU.ActiveCfg = Debug|Any CPU
		{02E2A552-10A8-43D5-B322-19BD668F065C}.Debug|Any CPU.Build.0 = Debug|Any CPU
		{02E2A552-10A8-43D5-B322-19BD668F065C}.Release|Any CPU.ActiveCfg = Release|Any CPU
		{02E2A552-10A8-43D5-B322-19BD668F065C}.Release|Any CPU.Build.0 = Release|Any CPU
		{E24BC52F-580A-4245-BD00-821906B8E1DE}.Debug|Any CPU.ActiveCfg = Debug|Any CPU
		{E24BC52F-580A-4245-BD00-821906B8E1DE}.Debug|Any CPU.Build.0 = Debug|Any CPU
		{E24BC52F-580A-4245-BD00-821906B8E1DE}.Release|Any CPU.ActiveCfg = Release|Any CPU
		{E24BC52F-580A-4245-BD00-821906B8E1DE}.Release|Any CPU.Build.0 = Release|Any CPU
		{BC5DE392-DC0F-49E9-81B2-04B1FAFC1B67}.Debug|Any CPU.ActiveCfg = Debug|Any CPU
		{BC5DE392-DC0F-49E9-81B2-04B1FAFC1B67}.Debug|Any CPU.Build.0 = Debug|Any CPU
		{BC5DE392-DC0F-49E9-81B2-04B1FAFC1B67}.Release|Any CPU.ActiveCfg = Release|Any CPU
		{BC5DE392-DC0F-49E9-81B2-04B1FAFC1B67}.Release|Any CPU.Build.0 = Release|Any CPU
		{9AFA370C-76D6-4DD0-9926-8039CB8B0366}.Debug|Any CPU.ActiveCfg = Debug|Any CPU
		{9AFA370C-76D6-4DD0-9926-8039CB8B0366}.Debug|Any CPU.Build.0 = Debug|Any CPU
		{9AFA370C-76D6-4DD0-9926-8039CB8B0366}.Release|Any CPU.ActiveCfg = Release|Any CPU
		{9AFA370C-76D6-4DD0-9926-8039CB8B0366}.Release|Any CPU.Build.0 = Release|Any CPU
		{E7B4846E-A89E-449E-9278-CD0E409CCDF7}.Debug|Any CPU.ActiveCfg = Debug|Any CPU
		{E7B4846E-A89E-449E-9278-CD0E409CCDF7}.Debug|Any CPU.Build.0 = Debug|Any CPU
		{E7B4846E-A89E-449E-9278-CD0E409CCDF7}.Release|Any CPU.ActiveCfg = Release|Any CPU
		{E7B4846E-A89E-449E-9278-CD0E409CCDF7}.Release|Any CPU.Build.0 = Release|Any CPU
	EndGlobalSection
	GlobalSection(SolutionProperties) = preSolution
		HideSolutionNode = FALSE
	EndGlobalSection
	GlobalSection(ExtensibilityGlobals) = postSolution
		SolutionGuid = {10B769A9-0346-4635-9AEE-140DE3B9C321}
	EndGlobalSection
EndGlobal
